Microsoft Visual Studio Solution File, Format Version 12.00
# Visual Studio 2012
Project("{2150E333-8FDC-42A3-9474-1A3956D46DE8}") = ".nuget", ".nuget", "{948C7EAA-CF03-48C3-B4AC-3ADFBAA44D14}"
	ProjectSection(SolutionItems) = preProject
		.nuget\NuGet.Config = .nuget\NuGet.Config
		.nuget\nuget.exe = .nuget\nuget.exe
		.nuget\NuGet.targets = .nuget\NuGet.targets
	EndProjectSection
EndProject
Project("{FAE04EC0-301F-11D3-BF4B-00C04F79EFBC}") = "DeltaEngine.Graphics", "Graphics\DeltaEngine.Graphics.csproj", "{8F701B0D-48B6-45CF-85E0-286BD53328BA}"
EndProject
Project("{FAE04EC0-301F-11D3-BF4B-00C04F79EFBC}") = "DeltaEngine.Platforms", "Platforms\DeltaEngine.Platforms.csproj", "{BAE8830E-5F62-48D6-B772-C4B1E8665FB3}"
EndProject
Project("{FAE04EC0-301F-11D3-BF4B-00C04F79EFBC}") = "DeltaEngine.Graphics.Tests", "Graphics\Tests\DeltaEngine.Graphics.Tests.csproj", "{B7E2C5AF-3EE2-4820-B2AE-62BC8D0FB7AC}"
EndProject
Project("{FAE04EC0-301F-11D3-BF4B-00C04F79EFBC}") = "DeltaEngine.Platforms.Tests", "Platforms\Tests\DeltaEngine.Platforms.Tests.csproj", "{D0AAD622-ED82-40E5-88A9-980EAFC12C16}"
EndProject
Project("{FAE04EC0-301F-11D3-BF4B-00C04F79EFBC}") = "DeltaEngine.Rendering2D", "Rendering2D\DeltaEngine.Rendering2D.csproj", "{BDDB4AA4-5D31-43B3-9A3B-BF3030EDE927}"
EndProject
Project("{FAE04EC0-301F-11D3-BF4B-00C04F79EFBC}") = "DeltaEngine.Rendering2D.Tests", "Rendering2D\Tests\DeltaEngine.Rendering2D.Tests.csproj", "{D24FD291-F379-4AA1-9C0E-D664EBBECBC9}"
EndProject
Project("{FAE04EC0-301F-11D3-BF4B-00C04F79EFBC}") = "DeltaEngine.Platforms.Windows", "Platforms\Windows\DeltaEngine.Platforms.Windows.csproj", "{BD8A80E2-A313-437E-B0EF-FC0B066280A7}"
EndProject
Project("{FAE04EC0-301F-11D3-BF4B-00C04F79EFBC}") = "DeltaEngine.Input", "Input\DeltaEngine.Input.csproj", "{CC65E69E-FAFD-4C2B-85EB-5E57FD3AF847}"
EndProject
Project("{FAE04EC0-301F-11D3-BF4B-00C04F79EFBC}") = "DeltaEngine.Input.Tests", "Input\Tests\DeltaEngine.Input.Tests.csproj", "{92242E5E-5077-48B8-8D8B-AE7108C46FF9}"
EndProject
Project("{FAE04EC0-301F-11D3-BF4B-00C04F79EFBC}") = "DeltaEngine.Input.Windows", "Input\Windows\DeltaEngine.Input.Windows.csproj", "{C0D2430E-714D-476C-80E7-5C80A7FA68EE}"
EndProject
Project("{FAE04EC0-301F-11D3-BF4B-00C04F79EFBC}") = "DeltaEngine.Multimedia.Tests", "Multimedia\Tests\DeltaEngine.Multimedia.Tests.csproj", "{D0C8456F-A4AC-4B6E-92AB-F71B0D19B01C}"
EndProject
Project("{FAE04EC0-301F-11D3-BF4B-00C04F79EFBC}") = "DeltaEngine.Content.Xml", "Content\Xml\DeltaEngine.Content.Xml.csproj", "{138A40B5-3D80-4BA3-BD84-D82C151EE7FE}"
EndProject
Project("{FAE04EC0-301F-11D3-BF4B-00C04F79EFBC}") = "DeltaEngine.Content.Xml.Tests", "Content\Xml\Tests\DeltaEngine.Content.Xml.Tests.csproj", "{B528E84A-12F3-4981-B749-B3FE19937345}"
EndProject
Project("{FAE04EC0-301F-11D3-BF4B-00C04F79EFBC}") = "DeltaEngine.Networking", "Networking\DeltaEngine.Networking.csproj", "{5231706E-2955-43BF-9C06-291E12AF5C5C}"
EndProject
Project("{FAE04EC0-301F-11D3-BF4B-00C04F79EFBC}") = "DeltaEngine.Networking.Tests", "Networking\Tests\DeltaEngine.Networking.Tests.csproj", "{7C7FA004-D9FB-4B55-9E88-6FB8716B7A1F}"
EndProject
Project("{FAE04EC0-301F-11D3-BF4B-00C04F79EFBC}") = "DeltaEngine.Logging", "Logging\DeltaEngine.Logging.csproj", "{E4440567-3D5D-4670-AB49-8163B18E302E}"
EndProject
Project("{FAE04EC0-301F-11D3-BF4B-00C04F79EFBC}") = "DeltaEngine.Logging.Tests", "Logging\Tests\DeltaEngine.Logging.Tests.csproj", "{981FA2AC-78DC-4597-A2B3-63AE8502FDB2}"
EndProject
Project("{FAE04EC0-301F-11D3-BF4B-00C04F79EFBC}") = "DeltaEngine.Input.Windows.Tests", "Input\Windows\Tests\DeltaEngine.Input.Windows.Tests.csproj", "{C3675561-87CA-4BE1-BAD0-852308ADD851}"
EndProject
Project("{FAE04EC0-301F-11D3-BF4B-00C04F79EFBC}") = "DeltaEngine.Scenes", "Scenes\DeltaEngine.Scenes.csproj", "{75BB4C75-DE36-47B3-9910-10EA8E8973B7}"
EndProject
Project("{FAE04EC0-301F-11D3-BF4B-00C04F79EFBC}") = "DeltaEngine.Scenes.Tests", "Scenes\Tests\DeltaEngine.Scenes.Tests.csproj", "{E9A37628-13C4-467D-A802-D517A89920C3}"
EndProject
Project("{FAE04EC0-301F-11D3-BF4B-00C04F79EFBC}") = "DeltaEngine.Graphics.SlimDX", "Graphics\SlimDX\DeltaEngine.Graphics.SlimDX.csproj", "{82B25FA6-7215-4FE3-8F8C-94DFC5F9BDB8}"
EndProject
Project("{FAE04EC0-301F-11D3-BF4B-00C04F79EFBC}") = "DeltaEngine.WindowsSlimDX", "Platforms\WindowsSlimDX\DeltaEngine.WindowsSlimDX.csproj", "{C12EBE75-67B5-4257-8A6E-C844601746E8}"
EndProject
Project("{FAE04EC0-301F-11D3-BF4B-00C04F79EFBC}") = "DeltaEngine.Content.Online", "Content\Online\DeltaEngine.Content.Online.csproj", "{68AA6280-09EF-4325-B5F8-B8A967004144}"
EndProject
Project("{FAE04EC0-301F-11D3-BF4B-00C04F79EFBC}") = "DeltaEngine.Multimedia.SlimDX", "Multimedia\SlimDX\DeltaEngine.Multimedia.SlimDX.csproj", "{A8791D0D-A93B-4972-9073-EF9E0A02692E}"
EndProject
Project("{FAE04EC0-301F-11D3-BF4B-00C04F79EFBC}") = "DeltaEngine.Input.SlimDX", "Input\SlimDX\DeltaEngine.Input.SlimDX.csproj", "{DAE92D4C-DD23-49DF-B19F-C342AB18ABCB}"
EndProject
Project("{FAE04EC0-301F-11D3-BF4B-00C04F79EFBC}") = "DeltaEngine.Platforms.Mocks", "Platforms\Mocks\DeltaEngine.Platforms.Mocks.csproj", "{BF968F20-246B-4F86-BB7B-377FD4B47A9F}"
EndProject
Project("{FAE04EC0-301F-11D3-BF4B-00C04F79EFBC}") = "LogoApp", "Samples\LogoApp\LogoApp.csproj", "{B94B117E-1A32-40C6-A93D-FD7012ED8D12}"
EndProject
Project("{FAE04EC0-301F-11D3-BF4B-00C04F79EFBC}") = "DeltaEngine.TestWithSlimDX", "Platforms\TestWithSlimDX\DeltaEngine.TestWithSlimDX.csproj", "{A3260916-CC8D-45B3-83BC-F91EBAEDA3FB}"
EndProject
Project("{FAE04EC0-301F-11D3-BF4B-00C04F79EFBC}") = "DeltaEngine", "DeltaEngine.csproj", "{20FA8D33-A964-4000-AD82-67BD6900793B}"
EndProject
Project("{FAE04EC0-301F-11D3-BF4B-00C04F79EFBC}") = "DeltaEngine.Tests", "Tests\DeltaEngine.Tests.csproj", "{17822284-7AE0-4C91-B444-CFECF4927A59}"
EndProject
Project("{FAE04EC0-301F-11D3-BF4B-00C04F79EFBC}") = "DeltaEngine.Content.Disk", "Content\Disk\DeltaEngine.Content.Disk.csproj", "{EE9847E1-9C76-4ACE-B531-D3EA84F7D741}"
EndProject
Project("{FAE04EC0-301F-11D3-BF4B-00C04F79EFBC}") = "DeltaEngine.Content.Disk.Tests", "Content\Disk\Tests\DeltaEngine.Content.Disk.Tests.csproj", "{AB05B30F-7DBB-4B5C-A7DA-70C215D85CA4}"
EndProject
Project("{FAE04EC0-301F-11D3-BF4B-00C04F79EFBC}") = "DeltaEngine.Content.Online.Tests", "Content\Online\Tests\DeltaEngine.Content.Online.Tests.csproj", "{5B62879D-6718-4384-B528-9A96D7EDC492}"
EndProject
Project("{FAE04EC0-301F-11D3-BF4B-00C04F79EFBC}") = "DeltaEngine.Content.Mocks", "Content\Mocks\DeltaEngine.Content.Mocks.csproj", "{BA0A7803-4A15-416E-BC93-69F5B9DFC4A5}"
EndProject
Project("{FAE04EC0-301F-11D3-BF4B-00C04F79EFBC}") = "DeltaEngine.Mocks", "Mocks\DeltaEngine.Mocks.csproj", "{A5F4EF37-7B5F-4AAE-BFF2-C2D04DB805F7}"
EndProject
Project("{FAE04EC0-301F-11D3-BF4B-00C04F79EFBC}") = "DeltaEngine.Graphics.Mocks", "Graphics\Mocks\DeltaEngine.Graphics.Mocks.csproj", "{F4D2EF4F-24F2-4D4A-BC93-78B0C5AD19A4}"
EndProject
Project("{FAE04EC0-301F-11D3-BF4B-00C04F79EFBC}") = "DeltaEngine.Networking.Mocks", "Networking\Mocks\DeltaEngine.Networking.Mocks.csproj", "{1797C45C-F96B-4F95-BAAC-400910CAB473}"
EndProject
Project("{FAE04EC0-301F-11D3-BF4B-00C04F79EFBC}") = "DeltaEngine.Input.Mocks", "Input\Mocks\DeltaEngine.Input.Mocks.csproj", "{4E4D006D-9C6E-47DB-908D-674E0C8D98AA}"
EndProject
Project("{FAE04EC0-301F-11D3-BF4B-00C04F79EFBC}") = "DeltaEngine.Multimedia.Mocks", "Multimedia\Mocks\DeltaEngine.Multimedia.Mocks.csproj", "{BC9EE416-ABEC-4B61-801D-EBB5C699CB5D}"
EndProject
Project("{FAE04EC0-301F-11D3-BF4B-00C04F79EFBC}") = "DeltaEngine.Networking.Messages", "Networking\Messages\DeltaEngine.Networking.Messages.csproj", "{74863E62-A568-4C0A-A37F-F04BFA8EB9DB}"
EndProject
Project("{FAE04EC0-301F-11D3-BF4B-00C04F79EFBC}") = "LogoApp.Tests", "Samples\LogoApp\Tests\LogoApp.Tests.csproj", "{25E1F71B-C9D0-4CCC-84A5-4E66A589A3CA}"
EndProject
Project("{FAE04EC0-301F-11D3-BF4B-00C04F79EFBC}") = "DeltaEngine.Multimedia.MusicStreams", "Multimedia\MusicStreams\DeltaEngine.Multimedia.MusicStreams.csproj", "{769F9D01-D4A1-4C85-9F11-F721CDFC94DC}"
EndProject
Project("{FAE04EC0-301F-11D3-BF4B-00C04F79EFBC}") = "DeltaEngine.Rendering2D.Fonts", "Rendering2D\Fonts\DeltaEngine.Rendering2D.Fonts.csproj", "{4A00FD90-FF7B-4250-9CBC-B6855130090B}"
EndProject
Project("{FAE04EC0-301F-11D3-BF4B-00C04F79EFBC}") = "DeltaEngine.Rendering2D.Shapes", "Rendering2D\Shapes\DeltaEngine.Rendering2D.Shapes.csproj", "{BB73D940-CBD2-4F00-B246-2A25CA5ACD7E}"
EndProject
Project("{FAE04EC0-301F-11D3-BF4B-00C04F79EFBC}") = "DeltaEngine.Rendering2D.Shapes.Tests", "Rendering2D\Shapes\Tests\DeltaEngine.Rendering2D.Shapes.Tests.csproj", "{ADCF2136-B5C7-422A-9D3A-E17CE906AED4}"
EndProject
Project("{FAE04EC0-301F-11D3-BF4B-00C04F79EFBC}") = "DeltaEngine.Rendering2D.Fonts.Tests", "Rendering2D\Fonts\Tests\DeltaEngine.Rendering2D.Fonts.Tests.csproj", "{75E03D31-12B1-446C-A8A1-92924568AC8E}"
EndProject
Project("{FAE04EC0-301F-11D3-BF4B-00C04F79EFBC}") = "DeltaEngine.Content.Tests", "Content\Tests\DeltaEngine.Content.Tests.csproj", "{D3E27AB6-D679-4FD2-A15C-F974FC73EBA0}"
EndProject
Project("{FAE04EC0-301F-11D3-BF4B-00C04F79EFBC}") = "DeltaEngine.Rendering2D.Mocks", "Rendering2D\Mocks\DeltaEngine.Rendering2D.Mocks.csproj", "{27C9A179-531F-41FB-8257-8396061C751B}"
EndProject
Project("{FAE04EC0-301F-11D3-BF4B-00C04F79EFBC}") = "DeltaEngine.Rendering2D.Particles", "Rendering2D\Particles\DeltaEngine.Rendering2D.Particles.csproj", "{BECE691C-BAC6-434B-B1F9-4D8653922585}"
EndProject
Project("{FAE04EC0-301F-11D3-BF4B-00C04F79EFBC}") = "DeltaEngine.Rendering2D.Particles.Tests", "Rendering2D\Particles\Tests\DeltaEngine.Rendering2D.Particles.Tests.csproj", "{1F1BD28D-3EB3-4102-9F7A-7D64D90CF676}"
EndProject
Project("{2150E333-8FDC-42A3-9474-1A3956D46DE8}") = "WindowsSlimDX", "WindowsSlimDX", "{0903ce69-ec90-46c2-afc5-d455840d52d7}"
EndProject
Project("{2150E333-8FDC-42A3-9474-1A3956D46DE8}") = "Graphics", "Graphics", "{12d06c5d-cfb8-4cf4-9802-db735df88918}"
EndProject
Project("{2150E333-8FDC-42A3-9474-1A3956D46DE8}") = "Multimedia", "Multimedia", "{5609eed1-39e0-4b75-be24-1b5ebd83d9a6}"
EndProject
Project("{2150E333-8FDC-42A3-9474-1A3956D46DE8}") = "Platforms", "Platforms", "{8b7f36d9-37ea-4d49-9126-fcc35d0d6c57}"
EndProject
Project("{2150E333-8FDC-42A3-9474-1A3956D46DE8}") = "Mocks", "Mocks", "{98881ce2-5264-482a-af5d-8e6450d74c24}"
EndProject
Project("{2150E333-8FDC-42A3-9474-1A3956D46DE8}") = "Networking", "Networking", "{a334b13f-dd8f-42a9-b3c3-6d11b1cf4132}"
EndProject
Project("{2150E333-8FDC-42A3-9474-1A3956D46DE8}") = "Tests", "Tests", "{b5ca29d7-f6e5-49be-908e-a45b3dfd690c}"
EndProject
Project("{2150E333-8FDC-42A3-9474-1A3956D46DE8}") = "Scenes", "Scenes", "{b60924bb-8874-4299-a603-ddc896ec1dc2}"
EndProject
Project("{2150E333-8FDC-42A3-9474-1A3956D46DE8}") = "Rendering2D", "Rendering2D", "{bc62e5c2-7477-43a6-9175-1ff2d7d72c0b}"
EndProject
Project("{2150E333-8FDC-42A3-9474-1A3956D46DE8}") = "Logging", "Logging", "{bfe0df43-2dca-48eb-804a-a3ac69751dfa}"
EndProject
Project("{2150E333-8FDC-42A3-9474-1A3956D46DE8}") = "Content", "Content", "{c25eff49-71c0-4324-b245-003e01d61a3f}"
EndProject
Project("{2150E333-8FDC-42A3-9474-1A3956D46DE8}") = "Input", "Input", "{c88fa531-1b5c-4e43-9d81-2c01568d9b5f}"
EndProject
Project("{2150E333-8FDC-42A3-9474-1A3956D46DE8}") = "TestWithSlimDX", "TestWithSlimDX", "{fb81ed8d-0815-4ca6-98d2-44247d972c85}"
EndProject
Global
	GlobalSection(SolutionConfigurationPlatforms) = preSolution
		Debug|Any CPU = Debug|Any CPU
		Release|Any CPU = Release|Any CPU
	EndGlobalSection
	GlobalSection(ProjectConfigurationPlatforms) = postSolution
		{8F701B0D-48B6-45CF-85E0-286BD53328BA}.Debug|Any CPU.ActiveCfg = Debug|Any CPU
		{8F701B0D-48B6-45CF-85E0-286BD53328BA}.Debug|Any CPU.Build.0 = Debug|Any CPU
		{8F701B0D-48B6-45CF-85E0-286BD53328BA}.Release|Any CPU.ActiveCfg = Release|Any CPU
		{8F701B0D-48B6-45CF-85E0-286BD53328BA}.Release|Any CPU.Build.0 = Release|Any CPU
		{BAE8830E-5F62-48D6-B772-C4B1E8665FB3}.Debug|Any CPU.ActiveCfg = Debug|Any CPU
		{BAE8830E-5F62-48D6-B772-C4B1E8665FB3}.Debug|Any CPU.Build.0 = Debug|Any CPU
		{BAE8830E-5F62-48D6-B772-C4B1E8665FB3}.Release|Any CPU.ActiveCfg = Release|Any CPU
		{BAE8830E-5F62-48D6-B772-C4B1E8665FB3}.Release|Any CPU.Build.0 = Release|Any CPU
		{B7E2C5AF-3EE2-4820-B2AE-62BC8D0FB7AC}.Debug|Any CPU.ActiveCfg = Debug|Any CPU
		{B7E2C5AF-3EE2-4820-B2AE-62BC8D0FB7AC}.Debug|Any CPU.Build.0 = Debug|Any CPU
		{B7E2C5AF-3EE2-4820-B2AE-62BC8D0FB7AC}.Release|Any CPU.ActiveCfg = Release|Any CPU
		{B7E2C5AF-3EE2-4820-B2AE-62BC8D0FB7AC}.Release|Any CPU.Build.0 = Release|Any CPU
		{D0AAD622-ED82-40E5-88A9-980EAFC12C16}.Debug|Any CPU.ActiveCfg = Debug|Any CPU
		{D0AAD622-ED82-40E5-88A9-980EAFC12C16}.Debug|Any CPU.Build.0 = Debug|Any CPU
		{D0AAD622-ED82-40E5-88A9-980EAFC12C16}.Release|Any CPU.ActiveCfg = Release|Any CPU
		{D0AAD622-ED82-40E5-88A9-980EAFC12C16}.Release|Any CPU.Build.0 = Release|Any CPU
		{BDDB4AA4-5D31-43B3-9A3B-BF3030EDE927}.Debug|Any CPU.ActiveCfg = Debug|Any CPU
		{BDDB4AA4-5D31-43B3-9A3B-BF3030EDE927}.Debug|Any CPU.Build.0 = Debug|Any CPU
		{BDDB4AA4-5D31-43B3-9A3B-BF3030EDE927}.Release|Any CPU.ActiveCfg = Release|Any CPU
		{BDDB4AA4-5D31-43B3-9A3B-BF3030EDE927}.Release|Any CPU.Build.0 = Release|Any CPU
		{D24FD291-F379-4AA1-9C0E-D664EBBECBC9}.Debug|Any CPU.ActiveCfg = Debug|Any CPU
		{D24FD291-F379-4AA1-9C0E-D664EBBECBC9}.Debug|Any CPU.Build.0 = Debug|Any CPU
		{D24FD291-F379-4AA1-9C0E-D664EBBECBC9}.Release|Any CPU.ActiveCfg = Release|Any CPU
		{D24FD291-F379-4AA1-9C0E-D664EBBECBC9}.Release|Any CPU.Build.0 = Release|Any CPU
		{BD8A80E2-A313-437E-B0EF-FC0B066280A7}.Debug|Any CPU.ActiveCfg = Debug|Any CPU
		{BD8A80E2-A313-437E-B0EF-FC0B066280A7}.Debug|Any CPU.Build.0 = Debug|Any CPU
		{BD8A80E2-A313-437E-B0EF-FC0B066280A7}.Release|Any CPU.ActiveCfg = Release|Any CPU
		{BD8A80E2-A313-437E-B0EF-FC0B066280A7}.Release|Any CPU.Build.0 = Release|Any CPU
		{CC65E69E-FAFD-4C2B-85EB-5E57FD3AF847}.Debug|Any CPU.ActiveCfg = Debug|Any CPU
		{CC65E69E-FAFD-4C2B-85EB-5E57FD3AF847}.Debug|Any CPU.Build.0 = Debug|Any CPU
		{CC65E69E-FAFD-4C2B-85EB-5E57FD3AF847}.Release|Any CPU.ActiveCfg = Release|Any CPU
		{CC65E69E-FAFD-4C2B-85EB-5E57FD3AF847}.Release|Any CPU.Build.0 = Release|Any CPU
		{92242E5E-5077-48B8-8D8B-AE7108C46FF9}.Debug|Any CPU.ActiveCfg = Debug|Any CPU
		{92242E5E-5077-48B8-8D8B-AE7108C46FF9}.Debug|Any CPU.Build.0 = Debug|Any CPU
		{92242E5E-5077-48B8-8D8B-AE7108C46FF9}.Release|Any CPU.ActiveCfg = Release|Any CPU
		{92242E5E-5077-48B8-8D8B-AE7108C46FF9}.Release|Any CPU.Build.0 = Release|Any CPU
		{C0D2430E-714D-476C-80E7-5C80A7FA68EE}.Debug|Any CPU.ActiveCfg = Debug|Any CPU
		{C0D2430E-714D-476C-80E7-5C80A7FA68EE}.Debug|Any CPU.Build.0 = Debug|Any CPU
		{C0D2430E-714D-476C-80E7-5C80A7FA68EE}.Release|Any CPU.ActiveCfg = Release|Any CPU
		{C0D2430E-714D-476C-80E7-5C80A7FA68EE}.Release|Any CPU.Build.0 = Release|Any CPU
		{D0C8456F-A4AC-4B6E-92AB-F71B0D19B01C}.Debug|Any CPU.ActiveCfg = Debug|Any CPU
		{D0C8456F-A4AC-4B6E-92AB-F71B0D19B01C}.Debug|Any CPU.Build.0 = Debug|Any CPU
		{D0C8456F-A4AC-4B6E-92AB-F71B0D19B01C}.Release|Any CPU.ActiveCfg = Release|Any CPU
		{D0C8456F-A4AC-4B6E-92AB-F71B0D19B01C}.Release|Any CPU.Build.0 = Release|Any CPU
		{138A40B5-3D80-4BA3-BD84-D82C151EE7FE}.Debug|Any CPU.ActiveCfg = Debug|Any CPU
		{138A40B5-3D80-4BA3-BD84-D82C151EE7FE}.Debug|Any CPU.Build.0 = Debug|Any CPU
		{138A40B5-3D80-4BA3-BD84-D82C151EE7FE}.Release|Any CPU.ActiveCfg = Release|Any CPU
		{138A40B5-3D80-4BA3-BD84-D82C151EE7FE}.Release|Any CPU.Build.0 = Release|Any CPU
		{B528E84A-12F3-4981-B749-B3FE19937345}.Debug|Any CPU.ActiveCfg = Debug|Any CPU
		{B528E84A-12F3-4981-B749-B3FE19937345}.Debug|Any CPU.Build.0 = Debug|Any CPU
		{B528E84A-12F3-4981-B749-B3FE19937345}.Release|Any CPU.ActiveCfg = Release|Any CPU
		{B528E84A-12F3-4981-B749-B3FE19937345}.Release|Any CPU.Build.0 = Release|Any CPU
		{5231706E-2955-43BF-9C06-291E12AF5C5C}.Debug|Any CPU.ActiveCfg = Debug|Any CPU
		{5231706E-2955-43BF-9C06-291E12AF5C5C}.Debug|Any CPU.Build.0 = Debug|Any CPU
		{5231706E-2955-43BF-9C06-291E12AF5C5C}.Release|Any CPU.ActiveCfg = Release|Any CPU
		{5231706E-2955-43BF-9C06-291E12AF5C5C}.Release|Any CPU.Build.0 = Release|Any CPU
		{7C7FA004-D9FB-4B55-9E88-6FB8716B7A1F}.Debug|Any CPU.ActiveCfg = Debug|Any CPU
		{7C7FA004-D9FB-4B55-9E88-6FB8716B7A1F}.Debug|Any CPU.Build.0 = Debug|Any CPU
		{7C7FA004-D9FB-4B55-9E88-6FB8716B7A1F}.Release|Any CPU.ActiveCfg = Release|Any CPU
		{7C7FA004-D9FB-4B55-9E88-6FB8716B7A1F}.Release|Any CPU.Build.0 = Release|Any CPU
		{E4440567-3D5D-4670-AB49-8163B18E302E}.Debug|Any CPU.ActiveCfg = Debug|Any CPU
		{E4440567-3D5D-4670-AB49-8163B18E302E}.Debug|Any CPU.Build.0 = Debug|Any CPU
		{E4440567-3D5D-4670-AB49-8163B18E302E}.Release|Any CPU.ActiveCfg = Release|Any CPU
		{E4440567-3D5D-4670-AB49-8163B18E302E}.Release|Any CPU.Build.0 = Release|Any CPU
		{981FA2AC-78DC-4597-A2B3-63AE8502FDB2}.Debug|Any CPU.ActiveCfg = Debug|Any CPU
		{981FA2AC-78DC-4597-A2B3-63AE8502FDB2}.Debug|Any CPU.Build.0 = Debug|Any CPU
		{981FA2AC-78DC-4597-A2B3-63AE8502FDB2}.Release|Any CPU.ActiveCfg = Release|Any CPU
		{981FA2AC-78DC-4597-A2B3-63AE8502FDB2}.Release|Any CPU.Build.0 = Release|Any CPU
		{C3675561-87CA-4BE1-BAD0-852308ADD851}.Debug|Any CPU.ActiveCfg = Debug|Any CPU
		{C3675561-87CA-4BE1-BAD0-852308ADD851}.Debug|Any CPU.Build.0 = Debug|Any CPU
		{C3675561-87CA-4BE1-BAD0-852308ADD851}.Release|Any CPU.ActiveCfg = Release|Any CPU
		{C3675561-87CA-4BE1-BAD0-852308ADD851}.Release|Any CPU.Build.0 = Release|Any CPU
		{75BB4C75-DE36-47B3-9910-10EA8E8973B7}.Debug|Any CPU.ActiveCfg = Debug|Any CPU
		{75BB4C75-DE36-47B3-9910-10EA8E8973B7}.Debug|Any CPU.Build.0 = Debug|Any CPU
		{75BB4C75-DE36-47B3-9910-10EA8E8973B7}.Release|Any CPU.ActiveCfg = Release|Any CPU
		{75BB4C75-DE36-47B3-9910-10EA8E8973B7}.Release|Any CPU.Build.0 = Release|Any CPU
		{E9A37628-13C4-467D-A802-D517A89920C3}.Debug|Any CPU.ActiveCfg = Debug|Any CPU
		{E9A37628-13C4-467D-A802-D517A89920C3}.Debug|Any CPU.Build.0 = Debug|Any CPU
		{E9A37628-13C4-467D-A802-D517A89920C3}.Release|Any CPU.ActiveCfg = Release|Any CPU
		{E9A37628-13C4-467D-A802-D517A89920C3}.Release|Any CPU.Build.0 = Release|Any CPU
		{82B25FA6-7215-4FE3-8F8C-94DFC5F9BDB8}.Debug|Any CPU.ActiveCfg = Debug|Any CPU
		{82B25FA6-7215-4FE3-8F8C-94DFC5F9BDB8}.Debug|Any CPU.Build.0 = Debug|Any CPU
		{82B25FA6-7215-4FE3-8F8C-94DFC5F9BDB8}.Release|Any CPU.ActiveCfg = Release|Any CPU
		{82B25FA6-7215-4FE3-8F8C-94DFC5F9BDB8}.Release|Any CPU.Build.0 = Release|Any CPU
		{C12EBE75-67B5-4257-8A6E-C844601746E8}.Debug|Any CPU.ActiveCfg = Debug|Any CPU
		{C12EBE75-67B5-4257-8A6E-C844601746E8}.Debug|Any CPU.Build.0 = Debug|Any CPU
		{C12EBE75-67B5-4257-8A6E-C844601746E8}.Release|Any CPU.ActiveCfg = Release|Any CPU
		{C12EBE75-67B5-4257-8A6E-C844601746E8}.Release|Any CPU.Build.0 = Release|Any CPU
		{68AA6280-09EF-4325-B5F8-B8A967004144}.Debug|Any CPU.ActiveCfg = Debug|Any CPU
		{68AA6280-09EF-4325-B5F8-B8A967004144}.Debug|Any CPU.Build.0 = Debug|Any CPU
		{68AA6280-09EF-4325-B5F8-B8A967004144}.Release|Any CPU.ActiveCfg = Release|Any CPU
		{68AA6280-09EF-4325-B5F8-B8A967004144}.Release|Any CPU.Build.0 = Release|Any CPU
		{A8791D0D-A93B-4972-9073-EF9E0A02692E}.Debug|Any CPU.ActiveCfg = Debug|Any CPU
		{A8791D0D-A93B-4972-9073-EF9E0A02692E}.Debug|Any CPU.Build.0 = Debug|Any CPU
		{A8791D0D-A93B-4972-9073-EF9E0A02692E}.Release|Any CPU.ActiveCfg = Release|Any CPU
		{A8791D0D-A93B-4972-9073-EF9E0A02692E}.Release|Any CPU.Build.0 = Release|Any CPU
		{DAE92D4C-DD23-49DF-B19F-C342AB18ABCB}.Debug|Any CPU.ActiveCfg = Debug|Any CPU
		{DAE92D4C-DD23-49DF-B19F-C342AB18ABCB}.Debug|Any CPU.Build.0 = Debug|Any CPU
		{DAE92D4C-DD23-49DF-B19F-C342AB18ABCB}.Release|Any CPU.ActiveCfg = Release|Any CPU
		{DAE92D4C-DD23-49DF-B19F-C342AB18ABCB}.Release|Any CPU.Build.0 = Release|Any CPU
		{BF968F20-246B-4F86-BB7B-377FD4B47A9F}.Debug|Any CPU.ActiveCfg = Debug|Any CPU
		{BF968F20-246B-4F86-BB7B-377FD4B47A9F}.Debug|Any CPU.Build.0 = Debug|Any CPU
		{BF968F20-246B-4F86-BB7B-377FD4B47A9F}.Release|Any CPU.ActiveCfg = Release|Any CPU
		{BF968F20-246B-4F86-BB7B-377FD4B47A9F}.Release|Any CPU.Build.0 = Release|Any CPU
		{B94B117E-1A32-40C6-A93D-FD7012ED8D12}.Debug|Any CPU.ActiveCfg = Debug|Any CPU
		{B94B117E-1A32-40C6-A93D-FD7012ED8D12}.Debug|Any CPU.Build.0 = Debug|Any CPU
		{B94B117E-1A32-40C6-A93D-FD7012ED8D12}.Release|Any CPU.ActiveCfg = Release|Any CPU
		{B94B117E-1A32-40C6-A93D-FD7012ED8D12}.Release|Any CPU.Build.0 = Release|Any CPU
		{A3260916-CC8D-45B3-83BC-F91EBAEDA3FB}.Debug|Any CPU.ActiveCfg = Debug|Any CPU
		{A3260916-CC8D-45B3-83BC-F91EBAEDA3FB}.Debug|Any CPU.Build.0 = Debug|Any CPU
		{A3260916-CC8D-45B3-83BC-F91EBAEDA3FB}.Release|Any CPU.ActiveCfg = Release|Any CPU
		{A3260916-CC8D-45B3-83BC-F91EBAEDA3FB}.Release|Any CPU.Build.0 = Release|Any CPU
		{20FA8D33-A964-4000-AD82-67BD6900793B}.Debug|Any CPU.ActiveCfg = Debug|Any CPU
		{20FA8D33-A964-4000-AD82-67BD6900793B}.Debug|Any CPU.Build.0 = Debug|Any CPU
		{20FA8D33-A964-4000-AD82-67BD6900793B}.Release|Any CPU.ActiveCfg = Release|Any CPU
		{20FA8D33-A964-4000-AD82-67BD6900793B}.Release|Any CPU.Build.0 = Release|Any CPU
		{17822284-7AE0-4C91-B444-CFECF4927A59}.Debug|Any CPU.ActiveCfg = Debug|Any CPU
		{17822284-7AE0-4C91-B444-CFECF4927A59}.Debug|Any CPU.Build.0 = Debug|Any CPU
		{17822284-7AE0-4C91-B444-CFECF4927A59}.Release|Any CPU.ActiveCfg = Release|Any CPU
		{17822284-7AE0-4C91-B444-CFECF4927A59}.Release|Any CPU.Build.0 = Release|Any CPU
		{EE9847E1-9C76-4ACE-B531-D3EA84F7D741}.Debug|Any CPU.ActiveCfg = Debug|Any CPU
		{EE9847E1-9C76-4ACE-B531-D3EA84F7D741}.Debug|Any CPU.Build.0 = Debug|Any CPU
		{EE9847E1-9C76-4ACE-B531-D3EA84F7D741}.Release|Any CPU.ActiveCfg = Release|Any CPU
		{EE9847E1-9C76-4ACE-B531-D3EA84F7D741}.Release|Any CPU.Build.0 = Release|Any CPU
		{AB05B30F-7DBB-4B5C-A7DA-70C215D85CA4}.Debug|Any CPU.ActiveCfg = Debug|Any CPU
		{AB05B30F-7DBB-4B5C-A7DA-70C215D85CA4}.Debug|Any CPU.Build.0 = Debug|Any CPU
		{AB05B30F-7DBB-4B5C-A7DA-70C215D85CA4}.Release|Any CPU.ActiveCfg = Release|Any CPU
		{AB05B30F-7DBB-4B5C-A7DA-70C215D85CA4}.Release|Any CPU.Build.0 = Release|Any CPU
		{5B62879D-6718-4384-B528-9A96D7EDC492}.Debug|Any CPU.ActiveCfg = Debug|Any CPU
		{5B62879D-6718-4384-B528-9A96D7EDC492}.Debug|Any CPU.Build.0 = Debug|Any CPU
		{5B62879D-6718-4384-B528-9A96D7EDC492}.Release|Any CPU.ActiveCfg = Release|Any CPU
		{5B62879D-6718-4384-B528-9A96D7EDC492}.Release|Any CPU.Build.0 = Release|Any CPU
		{BA0A7803-4A15-416E-BC93-69F5B9DFC4A5}.Debug|Any CPU.ActiveCfg = Debug|Any CPU
		{BA0A7803-4A15-416E-BC93-69F5B9DFC4A5}.Debug|Any CPU.Build.0 = Debug|Any CPU
		{BA0A7803-4A15-416E-BC93-69F5B9DFC4A5}.Release|Any CPU.ActiveCfg = Release|Any CPU
		{BA0A7803-4A15-416E-BC93-69F5B9DFC4A5}.Release|Any CPU.Build.0 = Release|Any CPU
		{A5F4EF37-7B5F-4AAE-BFF2-C2D04DB805F7}.Debug|Any CPU.ActiveCfg = Debug|Any CPU
		{A5F4EF37-7B5F-4AAE-BFF2-C2D04DB805F7}.Debug|Any CPU.Build.0 = Debug|Any CPU
		{A5F4EF37-7B5F-4AAE-BFF2-C2D04DB805F7}.Release|Any CPU.ActiveCfg = Release|Any CPU
		{A5F4EF37-7B5F-4AAE-BFF2-C2D04DB805F7}.Release|Any CPU.Build.0 = Release|Any CPU
		{F4D2EF4F-24F2-4D4A-BC93-78B0C5AD19A4}.Debug|Any CPU.ActiveCfg = Debug|Any CPU
		{F4D2EF4F-24F2-4D4A-BC93-78B0C5AD19A4}.Debug|Any CPU.Build.0 = Debug|Any CPU
		{F4D2EF4F-24F2-4D4A-BC93-78B0C5AD19A4}.Release|Any CPU.ActiveCfg = Release|Any CPU
		{F4D2EF4F-24F2-4D4A-BC93-78B0C5AD19A4}.Release|Any CPU.Build.0 = Release|Any CPU
		{1797C45C-F96B-4F95-BAAC-400910CAB473}.Debug|Any CPU.ActiveCfg = Debug|Any CPU
		{1797C45C-F96B-4F95-BAAC-400910CAB473}.Debug|Any CPU.Build.0 = Debug|Any CPU
		{1797C45C-F96B-4F95-BAAC-400910CAB473}.Release|Any CPU.ActiveCfg = Release|Any CPU
		{1797C45C-F96B-4F95-BAAC-400910CAB473}.Release|Any CPU.Build.0 = Release|Any CPU
		{4E4D006D-9C6E-47DB-908D-674E0C8D98AA}.Debug|Any CPU.ActiveCfg = Debug|Any CPU
		{4E4D006D-9C6E-47DB-908D-674E0C8D98AA}.Debug|Any CPU.Build.0 = Debug|Any CPU
		{4E4D006D-9C6E-47DB-908D-674E0C8D98AA}.Release|Any CPU.ActiveCfg = Release|Any CPU
		{4E4D006D-9C6E-47DB-908D-674E0C8D98AA}.Release|Any CPU.Build.0 = Release|Any CPU
		{BC9EE416-ABEC-4B61-801D-EBB5C699CB5D}.Debug|Any CPU.ActiveCfg = Debug|Any CPU
		{BC9EE416-ABEC-4B61-801D-EBB5C699CB5D}.Debug|Any CPU.Build.0 = Debug|Any CPU
		{BC9EE416-ABEC-4B61-801D-EBB5C699CB5D}.Release|Any CPU.ActiveCfg = Release|Any CPU
		{BC9EE416-ABEC-4B61-801D-EBB5C699CB5D}.Release|Any CPU.Build.0 = Release|Any CPU
		{74863E62-A568-4C0A-A37F-F04BFA8EB9DB}.Debug|Any CPU.ActiveCfg = Debug|Any CPU
		{74863E62-A568-4C0A-A37F-F04BFA8EB9DB}.Debug|Any CPU.Build.0 = Debug|Any CPU
		{74863E62-A568-4C0A-A37F-F04BFA8EB9DB}.Release|Any CPU.ActiveCfg = Release|Any CPU
		{74863E62-A568-4C0A-A37F-F04BFA8EB9DB}.Release|Any CPU.Build.0 = Release|Any CPU
		{25E1F71B-C9D0-4CCC-84A5-4E66A589A3CA}.Debug|Any CPU.ActiveCfg = Debug|Any CPU
		{25E1F71B-C9D0-4CCC-84A5-4E66A589A3CA}.Debug|Any CPU.Build.0 = Debug|Any CPU
		{25E1F71B-C9D0-4CCC-84A5-4E66A589A3CA}.Release|Any CPU.ActiveCfg = Release|Any CPU
		{25E1F71B-C9D0-4CCC-84A5-4E66A589A3CA}.Release|Any CPU.Build.0 = Release|Any CPU
		{769F9D01-D4A1-4C85-9F11-F721CDFC94DC}.Debug|Any CPU.ActiveCfg = Debug|Any CPU
		{769F9D01-D4A1-4C85-9F11-F721CDFC94DC}.Debug|Any CPU.Build.0 = Debug|Any CPU
		{769F9D01-D4A1-4C85-9F11-F721CDFC94DC}.Release|Any CPU.ActiveCfg = Release|Any CPU
		{769F9D01-D4A1-4C85-9F11-F721CDFC94DC}.Release|Any CPU.Build.0 = Release|Any CPU
		{4A00FD90-FF7B-4250-9CBC-B6855130090B}.Debug|Any CPU.ActiveCfg = Debug|Any CPU
		{4A00FD90-FF7B-4250-9CBC-B6855130090B}.Debug|Any CPU.Build.0 = Debug|Any CPU
		{4A00FD90-FF7B-4250-9CBC-B6855130090B}.Release|Any CPU.ActiveCfg = Release|Any CPU
		{4A00FD90-FF7B-4250-9CBC-B6855130090B}.Release|Any CPU.Build.0 = Release|Any CPU
		{BB73D940-CBD2-4F00-B246-2A25CA5ACD7E}.Debug|Any CPU.ActiveCfg = Debug|Any CPU
		{BB73D940-CBD2-4F00-B246-2A25CA5ACD7E}.Debug|Any CPU.Build.0 = Debug|Any CPU
		{BB73D940-CBD2-4F00-B246-2A25CA5ACD7E}.Release|Any CPU.ActiveCfg = Release|Any CPU
		{BB73D940-CBD2-4F00-B246-2A25CA5ACD7E}.Release|Any CPU.Build.0 = Release|Any CPU
		{ADCF2136-B5C7-422A-9D3A-E17CE906AED4}.Debug|Any CPU.ActiveCfg = Debug|Any CPU
		{ADCF2136-B5C7-422A-9D3A-E17CE906AED4}.Debug|Any CPU.Build.0 = Debug|Any CPU
		{ADCF2136-B5C7-422A-9D3A-E17CE906AED4}.Release|Any CPU.ActiveCfg = Release|Any CPU
		{ADCF2136-B5C7-422A-9D3A-E17CE906AED4}.Release|Any CPU.Build.0 = Release|Any CPU
		{75E03D31-12B1-446C-A8A1-92924568AC8E}.Debug|Any CPU.ActiveCfg = Debug|Any CPU
		{75E03D31-12B1-446C-A8A1-92924568AC8E}.Debug|Any CPU.Build.0 = Debug|Any CPU
		{75E03D31-12B1-446C-A8A1-92924568AC8E}.Release|Any CPU.ActiveCfg = Release|Any CPU
		{75E03D31-12B1-446C-A8A1-92924568AC8E}.Release|Any CPU.Build.0 = Release|Any CPU
		{D3E27AB6-D679-4FD2-A15C-F974FC73EBA0}.Debug|Any CPU.ActiveCfg = Debug|Any CPU
		{D3E27AB6-D679-4FD2-A15C-F974FC73EBA0}.Debug|Any CPU.Build.0 = Debug|Any CPU
		{D3E27AB6-D679-4FD2-A15C-F974FC73EBA0}.Release|Any CPU.ActiveCfg = Release|Any CPU
		{D3E27AB6-D679-4FD2-A15C-F974FC73EBA0}.Release|Any CPU.Build.0 = Release|Any CPU
		{27C9A179-531F-41FB-8257-8396061C751B}.Debug|Any CPU.ActiveCfg = Debug|Any CPU
		{27C9A179-531F-41FB-8257-8396061C751B}.Debug|Any CPU.Build.0 = Debug|Any CPU
		{27C9A179-531F-41FB-8257-8396061C751B}.Release|Any CPU.ActiveCfg = Release|Any CPU
		{27C9A179-531F-41FB-8257-8396061C751B}.Release|Any CPU.Build.0 = Release|Any CPU
		{BECE691C-BAC6-434B-B1F9-4D8653922585}.Debug|Any CPU.ActiveCfg = Debug|Any CPU
		{BECE691C-BAC6-434B-B1F9-4D8653922585}.Debug|Any CPU.Build.0 = Debug|Any CPU
		{BECE691C-BAC6-434B-B1F9-4D8653922585}.Release|Any CPU.ActiveCfg = Release|Any CPU
		{BECE691C-BAC6-434B-B1F9-4D8653922585}.Release|Any CPU.Build.0 = Release|Any CPU
		{1F1BD28D-3EB3-4102-9F7A-7D64D90CF676}.Debug|Any CPU.ActiveCfg = Debug|Any CPU
		{1F1BD28D-3EB3-4102-9F7A-7D64D90CF676}.Debug|Any CPU.Build.0 = Debug|Any CPU
		{1F1BD28D-3EB3-4102-9F7A-7D64D90CF676}.Release|Any CPU.ActiveCfg = Release|Any CPU
		{1F1BD28D-3EB3-4102-9F7A-7D64D90CF676}.Release|Any CPU.Build.0 = Release|Any CPU
	EndGlobalSection
	GlobalSection(SolutionProperties) = preSolution
		HideSolutionNode = FALSE
	EndGlobalSection
	GlobalSection(NestedProjects) = preSolution
		{EE9847E1-9C76-4ACE-B531-D3EA84F7D741} = {C25EFF49-71C0-4324-B245-003E01D61A3F}
		{AB05B30F-7DBB-4B5C-A7DA-70C215D85CA4} = {C25EFF49-71C0-4324-B245-003E01D61A3F}
		{BA0A7803-4A15-416E-BC93-69F5B9DFC4A5} = {C25EFF49-71C0-4324-B245-003E01D61A3F}
		{68AA6280-09EF-4325-B5F8-B8A967004144} = {C25EFF49-71C0-4324-B245-003E01D61A3F}
		{5B62879D-6718-4384-B528-9A96D7EDC492} = {C25EFF49-71C0-4324-B245-003E01D61A3F}
		{D3E27AB6-D679-4FD2-A15C-F974FC73EBA0} = {C25EFF49-71C0-4324-B245-003E01D61A3F}
		{138A40B5-3D80-4BA3-BD84-D82C151EE7FE} = {C25EFF49-71C0-4324-B245-003E01D61A3F}
		{B528E84A-12F3-4981-B749-B3FE19937345} = {C25EFF49-71C0-4324-B245-003E01D61A3F}
		{8F701B0D-48B6-45CF-85E0-286BD53328BA} = {12D06C5D-CFB8-4CF4-9802-DB735DF88918}
		{F4D2EF4F-24F2-4D4A-BC93-78B0C5AD19A4} = {12D06C5D-CFB8-4CF4-9802-DB735DF88918}
		{82B25FA6-7215-4FE3-8F8C-94DFC5F9BDB8} = {12D06C5D-CFB8-4CF4-9802-DB735DF88918}
		{B7E2C5AF-3EE2-4820-B2AE-62BC8D0FB7AC} = {12D06C5D-CFB8-4CF4-9802-DB735DF88918}
		{CC65E69E-FAFD-4C2B-85EB-5E57FD3AF847} = {C88FA531-1B5C-4E43-9D81-2C01568D9B5F}
		{4E4D006D-9C6E-47DB-908D-674E0C8D98AA} = {C88FA531-1B5C-4E43-9D81-2C01568D9B5F}
		{DAE92D4C-DD23-49DF-B19F-C342AB18ABCB} = {C88FA531-1B5C-4E43-9D81-2C01568D9B5F}
		{92242E5E-5077-48B8-8D8B-AE7108C46FF9} = {C88FA531-1B5C-4E43-9D81-2C01568D9B5F}
		{C0D2430E-714D-476C-80E7-5C80A7FA68EE} = {C88FA531-1B5C-4E43-9D81-2C01568D9B5F}
		{C3675561-87CA-4BE1-BAD0-852308ADD851} = {C88FA531-1B5C-4E43-9D81-2C01568D9B5F}
		{E4440567-3D5D-4670-AB49-8163B18E302E} = {BFE0DF43-2DCA-48EB-804A-A3AC69751DFA}
		{981FA2AC-78DC-4597-A2B3-63AE8502FDB2} = {BFE0DF43-2DCA-48EB-804A-A3AC69751DFA}
		{A5F4EF37-7B5F-4AAE-BFF2-C2D04DB805F7} = {98881CE2-5264-482A-AF5D-8E6450D74C24}
		{BC9EE416-ABEC-4B61-801D-EBB5C699CB5D} = {5609EED1-39E0-4B75-BE24-1B5EBD83D9A6}
		{769F9D01-D4A1-4C85-9F11-F721CDFC94DC} = {5609EED1-39E0-4B75-BE24-1B5EBD83D9A6}
		{A8791D0D-A93B-4972-9073-EF9E0A02692E} = {5609EED1-39E0-4B75-BE24-1B5EBD83D9A6}
		{D0C8456F-A4AC-4B6E-92AB-F71B0D19B01C} = {5609EED1-39E0-4B75-BE24-1B5EBD83D9A6}
		{5231706E-2955-43BF-9C06-291E12AF5C5C} = {A334B13F-DD8F-42A9-B3C3-6D11B1CF4132}
		{74863E62-A568-4C0A-A37F-F04BFA8EB9DB} = {A334B13F-DD8F-42A9-B3C3-6D11B1CF4132}
		{1797C45C-F96B-4F95-BAAC-400910CAB473} = {A334B13F-DD8F-42A9-B3C3-6D11B1CF4132}
		{7C7FA004-D9FB-4B55-9E88-6FB8716B7A1F} = {A334B13F-DD8F-42A9-B3C3-6D11B1CF4132}
		{BAE8830E-5F62-48D6-B772-C4B1E8665FB3} = {8B7F36D9-37EA-4D49-9126-FCC35D0D6C57}
		{BF968F20-246B-4F86-BB7B-377FD4B47A9F} = {8B7F36D9-37EA-4D49-9126-FCC35D0D6C57}
		{D0AAD622-ED82-40E5-88A9-980EAFC12C16} = {8B7F36D9-37EA-4D49-9126-FCC35D0D6C57}
		{BD8A80E2-A313-437E-B0EF-FC0B066280A7} = {8B7F36D9-37EA-4D49-9126-FCC35D0D6C57}
		{BDDB4AA4-5D31-43B3-9A3B-BF3030EDE927} = {BC62E5C2-7477-43A6-9175-1FF2D7D72C0B}
		{4A00FD90-FF7B-4250-9CBC-B6855130090B} = {BC62E5C2-7477-43A6-9175-1FF2D7D72C0B}
		{75E03D31-12B1-446C-A8A1-92924568AC8E} = {BC62E5C2-7477-43A6-9175-1FF2D7D72C0B}
		{27C9A179-531F-41FB-8257-8396061C751B} = {BC62E5C2-7477-43A6-9175-1FF2D7D72C0B}
		{BECE691C-BAC6-434B-B1F9-4D8653922585} = {BC62E5C2-7477-43A6-9175-1FF2D7D72C0B}
		{1F1BD28D-3EB3-4102-9F7A-7D64D90CF676} = {BC62E5C2-7477-43A6-9175-1FF2D7D72C0B}
		{BB73D940-CBD2-4F00-B246-2A25CA5ACD7E} = {BC62E5C2-7477-43A6-9175-1FF2D7D72C0B}
		{ADCF2136-B5C7-422A-9D3A-E17CE906AED4} = {BC62E5C2-7477-43A6-9175-1FF2D7D72C0B}
		{D24FD291-F379-4AA1-9C0E-D664EBBECBC9} = {BC62E5C2-7477-43A6-9175-1FF2D7D72C0B}
		{75BB4C75-DE36-47B3-9910-10EA8E8973B7} = {B60924BB-8874-4299-A603-DDC896EC1DC2}
		{E9A37628-13C4-467D-A802-D517A89920C3} = {B60924BB-8874-4299-A603-DDC896EC1DC2}
		{17822284-7AE0-4C91-B444-CFECF4927A59} = {B5CA29D7-F6E5-49BE-908E-A45B3DFD690C}
		{A3260916-CC8D-45B3-83BC-F91EBAEDA3FB} = {FB81ED8D-0815-4CA6-98D2-44247D972C85}
		{C12EBE75-67B5-4257-8A6E-C844601746E8} = {0903CE69-EC90-46C2-AFC5-D455840D52D7}
		{25E1F71B-C9D0-4CCC-84A5-4E66A589A3CA} = {B5CA29D7-F6E5-49BE-908E-A45B3DFD690C}
	EndGlobalSection
EndGlobal
